// !$*UTF8*$!
{
	archiveVersion = 1;
	classes = {
	};
	objectVersion = 46;
	objects = {

/* Begin PBXBuildFile section */
		45E093241E05BA6000934687 /* AppDelegate.swift in Sources */ = {isa = PBXBuildFile; fileRef = 45E093231E05BA6000934687 /* AppDelegate.swift */; };
		45E093261E05BA6000934687 /* ViewController.swift in Sources */ = {isa = PBXBuildFile; fileRef = 45E093251E05BA6000934687 /* ViewController.swift */; };
		45E093291E05BA6000934687 /* Main.storyboard in Resources */ = {isa = PBXBuildFile; fileRef = 45E093271E05BA6000934687 /* Main.storyboard */; };
		45E0932C1E05BA6000934687 /* CoreImageCircleSplash.xcdatamodeld in Sources */ = {isa = PBXBuildFile; fileRef = 45E0932A1E05BA6000934687 /* CoreImageCircleSplash.xcdatamodeld */; };
		45E0932E1E05BA6000934687 /* Assets.xcassets in Resources */ = {isa = PBXBuildFile; fileRef = 45E0932D1E05BA6000934687 /* Assets.xcassets */; };
		45E093311E05BA6000934687 /* LaunchScreen.storyboard in Resources */ = {isa = PBXBuildFile; fileRef = 45E0932F1E05BA6000934687 /* LaunchScreen.storyboard */; };
		45E0933C1E05BA6000934687 /* CoreImageCircleSplashTests.swift in Sources */ = {isa = PBXBuildFile; fileRef = 45E0933B1E05BA6000934687 /* CoreImageCircleSplashTests.swift */; };
		45E093471E05BA6100934687 /* CoreImageCircleSplashUITests.swift in Sources */ = {isa = PBXBuildFile; fileRef = 45E093461E05BA6100934687 /* CoreImageCircleSplashUITests.swift */; };
/* End PBXBuildFile section */

/* Begin PBXContainerItemProxy section */
		45E093381E05BA6000934687 /* PBXContainerItemProxy */ = {
			isa = PBXContainerItemProxy;
			containerPortal = 45E093181E05BA6000934687 /* Project object */;
			proxyType = 1;
			remoteGlobalIDString = 45E0931F1E05BA6000934687;
			remoteInfo = CoreImageCircleSplash;
		};
		45E093431E05BA6100934687 /* PBXContainerItemProxy */ = {
			isa = PBXContainerItemProxy;
			containerPortal = 45E093181E05BA6000934687 /* Project object */;
			proxyType = 1;
			remoteGlobalIDString = 45E0931F1E05BA6000934687;
			remoteInfo = CoreImageCircleSplash;
		};
/* End PBXContainerItemProxy section */

/* Begin PBXFileReference section */
		45E093201E05BA6000934687 /* CoreImageCircleSplash.app */ = {isa = PBXFileReference; explicitFileType = wrapper.application; includeInIndex = 0; path = CoreImageCircleSplash.app; sourceTree = BUILT_PRODUCTS_DIR; };
		45E093231E05BA6000934687 /* AppDelegate.swift */ = {isa = PBXFileReference; lastKnownFileType = sourcecode.swift; path = AppDelegate.swift; sourceTree = "<group>"; };
		45E093251E05BA6000934687 /* ViewController.swift */ = {isa = PBXFileReference; lastKnownFileType = sourcecode.swift; path = ViewController.swift; sourceTree = "<group>"; };
		45E093281E05BA6000934687 /* Base */ = {isa = PBXFileReference; lastKnownFileType = file.storyboard; name = Base; path = Base.lproj/Main.storyboard; sourceTree = "<group>"; };
		45E0932B1E05BA6000934687 /* CoreImageCircleSplash.xcdatamodel */ = {isa = PBXFileReference; lastKnownFileType = wrapper.xcdatamodel; path = CoreImageCircleSplash.xcdatamodel; sourceTree = "<group>"; };
		45E0932D1E05BA6000934687 /* Assets.xcassets */ = {isa = PBXFileReference; lastKnownFileType = folder.assetcatalog; path = Assets.xcassets; sourceTree = "<group>"; };
		45E093301E05BA6000934687 /* Base */ = {isa = PBXFileReference; lastKnownFileType = file.storyboard; name = Base; path = Base.lproj/LaunchScreen.storyboard; sourceTree = "<group>"; };
		45E093321E05BA6000934687 /* Info.plist */ = {isa = PBXFileReference; lastKnownFileType = text.plist.xml; path = Info.plist; sourceTree = "<group>"; };
		45E093371E05BA6000934687 /* CoreImageCircleSplashTests.xctest */ = {isa = PBXFileReference; explicitFileType = wrapper.cfbundle; includeInIndex = 0; path = CoreImageCircleSplashTests.xctest; sourceTree = BUILT_PRODUCTS_DIR; };
		45E0933B1E05BA6000934687 /* CoreImageCircleSplashTests.swift */ = {isa = PBXFileReference; lastKnownFileType = sourcecode.swift; path = CoreImageCircleSplashTests.swift; sourceTree = "<group>"; };
		45E0933D1E05BA6000934687 /* Info.plist */ = {isa = PBXFileReference; lastKnownFileType = text.plist.xml; path = Info.plist; sourceTree = "<group>"; };
		45E093421E05BA6100934687 /* CoreImageCircleSplashUITests.xctest */ = {isa = PBXFileReference; explicitFileType = wrapper.cfbundle; includeInIndex = 0; path = CoreImageCircleSplashUITests.xctest; sourceTree = BUILT_PRODUCTS_DIR; };
		45E093461E05BA6100934687 /* CoreImageCircleSplashUITests.swift */ = {isa = PBXFileReference; lastKnownFileType = sourcecode.swift; path = CoreImageCircleSplashUITests.swift; sourceTree = "<group>"; };
		45E093481E05BA6100934687 /* Info.plist */ = {isa = PBXFileReference; lastKnownFileType = text.plist.xml; path = Info.plist; sourceTree = "<group>"; };
/* End PBXFileReference section */

/* Begin PBXFrameworksBuildPhase section */
		45E0931D1E05BA6000934687 /* Frameworks */ = {
			isa = PBXFrameworksBuildPhase;
			buildActionMask = 2147483647;
			files = (
			);
			runOnlyForDeploymentPostprocessing = 0;
		};
		45E093341E05BA6000934687 /* Frameworks */ = {
			isa = PBXFrameworksBuildPhase;
			buildActionMask = 2147483647;
			files = (
			);
			runOnlyForDeploymentPostprocessing = 0;
		};
		45E0933F1E05BA6000934687 /* Frameworks */ = {
			isa = PBXFrameworksBuildPhase;
			buildActionMask = 2147483647;
			files = (
			);
			runOnlyForDeploymentPostprocessing = 0;
		};
/* End PBXFrameworksBuildPhase section */

/* Begin PBXGroup section */
		45E093171E05BA6000934687 = {
			isa = PBXGroup;
			children = (
				45E093221E05BA6000934687 /* CoreImageCircleSplash */,
				45E0933A1E05BA6000934687 /* CoreImageCircleSplashTests */,
				45E093451E05BA6100934687 /* CoreImageCircleSplashUITests */,
				45E093211E05BA6000934687 /* Products */,
			);
			sourceTree = "<group>";
		};
		45E093211E05BA6000934687 /* Products */ = {
			isa = PBXGroup;
			children = (
				45E093201E05BA6000934687 /* CoreImageCircleSplash.app */,
				45E093371E05BA6000934687 /* CoreImageCircleSplashTests.xctest */,
				45E093421E05BA6100934687 /* CoreImageCircleSplashUITests.xctest */,
			);
			name = Products;
			sourceTree = "<group>";
		};
		45E093221E05BA6000934687 /* CoreImageCircleSplash */ = {
			isa = PBXGroup;
			children = (
				45E093231E05BA6000934687 /* AppDelegate.swift */,
				45E093251E05BA6000934687 /* ViewController.swift */,
				45E093271E05BA6000934687 /* Main.storyboard */,
				45E0932D1E05BA6000934687 /* Assets.xcassets */,
				45E0932F1E05BA6000934687 /* LaunchScreen.storyboard */,
				45E093321E05BA6000934687 /* Info.plist */,
				45E0932A1E05BA6000934687 /* CoreImageCircleSplash.xcdatamodeld */,
			);
			path = CoreImageCircleSplash;
			sourceTree = "<group>";
		};
		45E0933A1E05BA6000934687 /* CoreImageCircleSplashTests */ = {
			isa = PBXGroup;
			children = (
				45E0933B1E05BA6000934687 /* CoreImageCircleSplashTests.swift */,
				45E0933D1E05BA6000934687 /* Info.plist */,
			);
			path = CoreImageCircleSplashTests;
			sourceTree = "<group>";
		};
		45E093451E05BA6100934687 /* CoreImageCircleSplashUITests */ = {
			isa = PBXGroup;
			children = (
				45E093461E05BA6100934687 /* CoreImageCircleSplashUITests.swift */,
				45E093481E05BA6100934687 /* Info.plist */,
			);
			path = CoreImageCircleSplashUITests;
			sourceTree = "<group>";
		};
/* End PBXGroup section */

/* Begin PBXNativeTarget section */
		45E0931F1E05BA6000934687 /* CoreImageCircleSplash */ = {
			isa = PBXNativeTarget;
			buildConfigurationList = 45E0934B1E05BA6100934687 /* Build configuration list for PBXNativeTarget "CoreImageCircleSplash" */;
			buildPhases = (
				45E0931C1E05BA6000934687 /* Sources */,
				45E0931D1E05BA6000934687 /* Frameworks */,
				45E0931E1E05BA6000934687 /* Resources */,
			);
			buildRules = (
			);
			dependencies = (
			);
			name = CoreImageCircleSplash;
			productName = CoreImageCircleSplash;
			productReference = 45E093201E05BA6000934687 /* CoreImageCircleSplash.app */;
			productType = "com.apple.product-type.application";
		};
		45E093361E05BA6000934687 /* CoreImageCircleSplashTests */ = {
			isa = PBXNativeTarget;
			buildConfigurationList = 45E0934E1E05BA6100934687 /* Build configuration list for PBXNativeTarget "CoreImageCircleSplashTests" */;
			buildPhases = (
				45E093331E05BA6000934687 /* Sources */,
				45E093341E05BA6000934687 /* Frameworks */,
				45E093351E05BA6000934687 /* Resources */,
			);
			buildRules = (
			);
			dependencies = (
				45E093391E05BA6000934687 /* PBXTargetDependency */,
			);
			name = CoreImageCircleSplashTests;
			productName = CoreImageCircleSplashTests;
			productReference = 45E093371E05BA6000934687 /* CoreImageCircleSplashTests.xctest */;
			productType = "com.apple.product-type.bundle.unit-test";
		};
		45E093411E05BA6000934687 /* CoreImageCircleSplashUITests */ = {
			isa = PBXNativeTarget;
			buildConfigurationList = 45E093511E05BA6100934687 /* Build configuration list for PBXNativeTarget "CoreImageCircleSplashUITests" */;
			buildPhases = (
				45E0933E1E05BA6000934687 /* Sources */,
				45E0933F1E05BA6000934687 /* Frameworks */,
				45E093401E05BA6000934687 /* Resources */,
			);
			buildRules = (
			);
			dependencies = (
				45E093441E05BA6100934687 /* PBXTargetDependency */,
			);
			name = CoreImageCircleSplashUITests;
			productName = CoreImageCircleSplashUITests;
			productReference = 45E093421E05BA6100934687 /* CoreImageCircleSplashUITests.xctest */;
			productType = "com.apple.product-type.bundle.ui-testing";
		};
/* End PBXNativeTarget section */

/* Begin PBXProject section */
		45E093181E05BA6000934687 /* Project object */ = {
			isa = PBXProject;
			attributes = {
				LastSwiftUpdateCheck = 0810;
				LastUpgradeCheck = 0810;
				ORGANIZATIONNAME = "Mac air";
				TargetAttributes = {
					45E0931F1E05BA6000934687 = {
						CreatedOnToolsVersion = 8.1;
						ProvisioningStyle = Automatic;
					};
					45E093361E05BA6000934687 = {
						CreatedOnToolsVersion = 8.1;
						ProvisioningStyle = Automatic;
						TestTargetID = 45E0931F1E05BA6000934687;
					};
					45E093411E05BA6000934687 = {
						CreatedOnToolsVersion = 8.1;
						ProvisioningStyle = Automatic;
						TestTargetID = 45E0931F1E05BA6000934687;
					};
				};
			};
			buildConfigurationList = 45E0931B1E05BA6000934687 /* Build configuration list for PBXProject "CoreImageCircleSplash" */;
			compatibilityVersion = "Xcode 3.2";
			developmentRegion = English;
			hasScannedForEncodings = 0;
			knownRegions = (
				en,
				Base,
			);
			mainGroup = 45E093171E05BA6000934687;
			productRefGroup = 45E093211E05BA6000934687 /* Products */;
			projectDirPath = "";
			projectRoot = "";
			targets = (
				45E0931F1E05BA6000934687 /* CoreImageCircleSplash */,
				45E093361E05BA6000934687 /* CoreImageCircleSplashTests */,
				45E093411E05BA6000934687 /* CoreImageCircleSplashUITests */,
			);
		};
/* End PBXProject section */

/* Begin PBXResourcesBuildPhase section */
		45E0931E1E05BA6000934687 /* Resources */ = {
			isa = PBXResourcesBuildPhase;
			buildActionMask = 2147483647;
			files = (
				45E093311E05BA6000934687 /* LaunchScreen.storyboard in Resources */,
				45E0932E1E05BA6000934687 /* Assets.xcassets in Resources */,
				45E093291E05BA6000934687 /* Main.storyboard in Resources */,
			);
			runOnlyForDeploymentPostprocessing = 0;
		};
		45E093351E05BA6000934687 /* Resources */ = {
			isa = PBXResourcesBuildPhase;
			buildActionMask = 2147483647;
			files = (
			);
			runOnlyForDeploymentPostprocessing = 0;
		};
		45E093401E05BA6000934687 /* Resources */ = {
			isa = PBXResourcesBuildPhase;
			buildActionMask = 2147483647;
			files = (
			);
			runOnlyForDeploymentPostprocessing = 0;
		};
/* End PBXResourcesBuildPhase section */

/* Begin PBXSourcesBuildPhase section */
		45E0931C1E05BA6000934687 /* Sources */ = {
			isa = PBXSourcesBuildPhase;
			buildActionMask = 2147483647;
			files = (
				45E093261E05BA6000934687 /* ViewController.swift in Sources */,
				45E093241E05BA6000934687 /* AppDelegate.swift in Sources */,
				45E0932C1E05BA6000934687 /* CoreImageCircleSplash.xcdatamodeld in Sources */,
			);
			runOnlyForDeploymentPostprocessing = 0;
		};
		45E093331E05BA6000934687 /* Sources */ = {
			isa = PBXSourcesBuildPhase;
			buildActionMask = 2147483647;
			files = (
				45E0933C1E05BA6000934687 /* CoreImageCircleSplashTests.swift in Sources */,
			);
			runOnlyForDeploymentPostprocessing = 0;
		};
		45E0933E1E05BA6000934687 /* Sources */ = {
			isa = PBXSourcesBuildPhase;
			buildActionMask = 2147483647;
			files = (
				45E093471E05BA6100934687 /* CoreImageCircleSplashUITests.swift in Sources */,
			);
			runOnlyForDeploymentPostprocessing = 0;
		};
/* End PBXSourcesBuildPhase section */

/* Begin PBXTargetDependency section */
		45E093391E05BA6000934687 /* PBXTargetDependency */ = {
			isa = PBXTargetDependency;
			target = 45E0931F1E05BA6000934687 /* CoreImageCircleSplash */;
			targetProxy = 45E093381E05BA6000934687 /* PBXContainerItemProxy */;
		};
		45E093441E05BA6100934687 /* PBXTargetDependency */ = {
			isa = PBXTargetDependency;
			target = 45E0931F1E05BA6000934687 /* CoreImageCircleSplash */;
			targetProxy = 45E093431E05BA6100934687 /* PBXContainerItemProxy */;
		};
/* End PBXTargetDependency section */

/* Begin PBXVariantGroup section */
		45E093271E05BA6000934687 /* Main.storyboard */ = {
			isa = PBXVariantGroup;
			children = (
				45E093281E05BA6000934687 /* Base */,
			);
			name = Main.storyboard;
			sourceTree = "<group>";
		};
		45E0932F1E05BA6000934687 /* LaunchScreen.storyboard */ = {
			isa = PBXVariantGroup;
			children = (
				45E093301E05BA6000934687 /* Base */,
			);
			name = LaunchScreen.storyboard;
			sourceTree = "<group>";
		};
/* End PBXVariantGroup section */

/* Begin XCBuildConfiguration section */
		45E093491E05BA6100934687 /* Debug */ = {
			isa = XCBuildConfiguration;
			buildSettings = {
				ALWAYS_SEARCH_USER_PATHS = NO;
				CLANG_ANALYZER_NONNULL = YES;
				CLANG_CXX_LANGUAGE_STANDARD = "gnu++0x";
				CLANG_CXX_LIBRARY = "libc++";
				CLANG_ENABLE_MODULES = YES;
				CLANG_ENABLE_OBJC_ARC = YES;
				CLANG_WARN_BOOL_CONVERSION = YES;
				CLANG_WARN_CONSTANT_CONVERSION = YES;
				CLANG_WARN_DIRECT_OBJC_ISA_USAGE = YES_ERROR;
				CLANG_WARN_DOCUMENTATION_COMMENTS = YES;
				CLANG_WARN_EMPTY_BODY = YES;
				CLANG_WARN_ENUM_CONVERSION = YES;
				CLANG_WARN_INFINITE_RECURSION = YES;
				CLANG_WARN_INT_CONVERSION = YES;
				CLANG_WARN_OBJC_ROOT_CLASS = YES_ERROR;
				CLANG_WARN_SUSPICIOUS_MOVES = YES;
				CLANG_WARN_UNREACHABLE_CODE = YES;
				CLANG_WARN__DUPLICATE_METHOD_MATCH = YES;
				"CODE_SIGN_IDENTITY[sdk=iphoneos*]" = "iPhone Developer";
				COPY_PHASE_STRIP = NO;
				DEBUG_INFORMATION_FORMAT = dwarf;
				ENABLE_STRICT_OBJC_MSGSEND = YES;
				ENABLE_TESTABILITY = YES;
				GCC_C_LANGUAGE_STANDARD = gnu99;
				GCC_DYNAMIC_NO_PIC = NO;
				GCC_NO_COMMON_BLOCKS = YES;
				GCC_OPTIMIZATION_LEVEL = 0;
				GCC_PREPROCESSOR_DEFINITIONS = (
					"DEBUG=1",
					"$(inherited)",
				);
				GCC_WARN_64_TO_32_BIT_CONVERSION = YES;
				GCC_WARN_ABOUT_RETURN_TYPE = YES_ERROR;
				GCC_WARN_UNDECLARED_SELECTOR = YES;
				GCC_WARN_UNINITIALIZED_AUTOS = YES_AGGRESSIVE;
				GCC_WARN_UNUSED_FUNCTION = YES;
				GCC_WARN_UNUSED_VARIABLE = YES;
				IPHONEOS_DEPLOYMENT_TARGET = 10.1;
				MTL_ENABLE_DEBUG_INFO = YES;
				ONLY_ACTIVE_ARCH = YES;
				SDKROOT = iphoneos;
				SWIFT_ACTIVE_COMPILATION_CONDITIONS = DEBUG;
				SWIFT_OPTIMIZATION_LEVEL = "-Onone";
				TARGETED_DEVICE_FAMILY = "1,2";
			};
			name = Debug;
		};
		45E0934A1E05BA6100934687 /* Release */ = {
			isa = XCBuildConfiguration;
			buildSettings = {
				ALWAYS_SEARCH_USER_PATHS = NO;
				CLANG_ANALYZER_NONNULL = YES;
				CLANG_CXX_LANGUAGE_STANDARD = "gnu++0x";
				CLANG_CXX_LIBRARY = "libc++";
				CLANG_ENABLE_MODULES = YES;
				CLANG_ENABLE_OBJC_ARC = YES;
				CLANG_WARN_BOOL_CONVERSION = YES;
				CLANG_WARN_CONSTANT_CONVERSION = YES;
				CLANG_WARN_DIRECT_OBJC_ISA_USAGE = YES_ERROR;
				CLANG_WARN_DOCUMENTATION_COMMENTS = YES;
				CLANG_WARN_EMPTY_BODY = YES;
				CLANG_WARN_ENUM_CONVERSION = YES;
				CLANG_WARN_INFINITE_RECURSION = YES;
				CLANG_WARN_INT_CONVERSION = YES;
				CLANG_WARN_OBJC_ROOT_CLASS = YES_ERROR;
				CLANG_WARN_SUSPICIOUS_MOVES = YES;
				CLANG_WARN_UNREACHABLE_CODE = YES;
				CLANG_WARN__DUPLICATE_METHOD_MATCH = YES;
				"CODE_SIGN_IDENTITY[sdk=iphoneos*]" = "iPhone Developer";
				COPY_PHASE_STRIP = NO;
				DEBUG_INFORMATION_FORMAT = "dwarf-with-dsym";
				ENABLE_NS_ASSERTIONS = NO;
				ENABLE_STRICT_OBJC_MSGSEND = YES;
				GCC_C_LANGUAGE_STANDARD = gnu99;
				GCC_NO_COMMON_BLOCKS = YES;
				GCC_WARN_64_TO_32_BIT_CONVERSION = YES;
				GCC_WARN_ABOUT_RETURN_TYPE = YES_ERROR;
				GCC_WARN_UNDECLARED_SELECTOR = YES;
				GCC_WARN_UNINITIALIZED_AUTOS = YES_AGGRESSIVE;
				GCC_WARN_UNUSED_FUNCTION = YES;
				GCC_WARN_UNUSED_VARIABLE = YES;
				IPHONEOS_DEPLOYMENT_TARGET = 10.1;
				MTL_ENABLE_DEBUG_INFO = NO;
				SDKROOT = iphoneos;
				SWIFT_OPTIMIZATION_LEVEL = "-Owholemodule";
				TARGETED_DEVICE_FAMILY = "1,2";
				VALIDATE_PRODUCT = YES;
			};
			name = Release;
		};
		45E0934C1E05BA6100934687 /* Debug */ = {
			isa = XCBuildConfiguration;
			buildSettings = {
				ASSETCATALOG_COMPILER_APPICON_NAME = AppIcon;
				INFOPLIST_FILE = CoreImageCircleSplash/Info.plist;
				LD_RUNPATH_SEARCH_PATHS = "$(inherited) @executable_path/Frameworks";
				PRODUCT_BUNDLE_IDENTIFIER = com.nought.CoreImageCircleSplash;
				PRODUCT_NAME = "$(TARGET_NAME)";
				SWIFT_VERSION = 3.0;
			};
			name = Debug;
		};
		45E0934D1E05BA6100934687 /* Release */ = {
			isa = XCBuildConfiguration;
			buildSettings = {
				ASSETCATALOG_COMPILER_APPICON_NAME = AppIcon;
				INFOPLIST_FILE = CoreImageCircleSplash/Info.plist;
				LD_RUNPATH_SEARCH_PATHS = "$(inherited) @executable_path/Frameworks";
				PRODUCT_BUNDLE_IDENTIFIER = com.nought.CoreImageCircleSplash;
				PRODUCT_NAME = "$(TARGET_NAME)";
				SWIFT_VERSION = 3.0;
			};
			name = Release;
		};
		45E0934F1E05BA6100934687 /* Debug */ = {
			isa = XCBuildConfiguration;
			buildSettings = {
				ALWAYS_EMBED_SWIFT_STANDARD_LIBRARIES = YES;
				BUNDLE_LOADER = "$(TEST_HOST)";
				INFOPLIST_FILE = CoreImageCircleSplashTests/Info.plist;
				LD_RUNPATH_SEARCH_PATHS = "$(inherited) @executable_path/Frameworks @loader_path/Frameworks";
				PRODUCT_BUNDLE_IDENTIFIER = com.nought.CoreImageCircleSplashTests;
				PRODUCT_NAME = "$(TARGET_NAME)";
				SWIFT_VERSION = 3.0;
				TEST_HOST = "$(BUILT_PRODUCTS_DIR)/CoreImageCircleSplash.app/CoreImageCircleSplash";
			};
			name = Debug;
		};
		45E093501E05BA6100934687 /* Release */ = {
			isa = XCBuildConfiguration;
			buildSettings = {
				ALWAYS_EMBED_SWIFT_STANDARD_LIBRARIES = YES;
				BUNDLE_LOADER = "$(TEST_HOST)";
				INFOPLIST_FILE = CoreImageCircleSplashTests/Info.plist;
				LD_RUNPATH_SEARCH_PATHS = "$(inherited) @executable_path/Frameworks @loader_path/Frameworks";
				PRODUCT_BUNDLE_IDENTIFIER = com.nought.CoreImageCircleSplashTests;
				PRODUCT_NAME = "$(TARGET_NAME)";
				SWIFT_VERSION = 3.0;
				TEST_HOST = "$(BUILT_PRODUCTS_DIR)/CoreImageCircleSplash.app/CoreImageCircleSplash";
			};
			name = Release;
		};
		45E093521E05BA6100934687 /* Debug */ = {
			isa = XCBuildConfiguration;
			buildSettings = {
				ALWAYS_EMBED_SWIFT_STANDARD_LIBRARIES = YES;
				INFOPLIST_FILE = CoreImageCircleSplashUITests/Info.plist;
				LD_RUNPATH_SEARCH_PATHS = "$(inherited) @executable_path/Frameworks @loader_path/Frameworks";
				PRODUCT_BUNDLE_IDENTIFIER = com.nought.CoreImageCircleSplashUITests;
				PRODUCT_NAME = "$(TARGET_NAME)";
				SWIFT_VERSION = 3.0;
				TEST_TARGET_NAME = CoreImageCircleSplash;
			};
			name = Debug;
		};
		45E093531E05BA6100934687 /* Release */ = {
			isa = XCBuildConfiguration;
			buildSettings = {
				ALWAYS_EMBED_SWIFT_STANDARD_LIBRARIES = YES;
				INFOPLIST_FILE = CoreImageCircleSplashUITests/Info.plist;
				LD_RUNPATH_SEARCH_PATHS = "$(inherited) @executable_path/Frameworks @loader_path/Frameworks";
				PRODUCT_BUNDLE_IDENTIFIER = com.nought.CoreImageCircleSplashUITests;
				PRODUCT_NAME = "$(TARGET_NAME)";
				SWIFT_VERSION = 3.0;
				TEST_TARGET_NAME = CoreImageCircleSplash;
			};
			name = Release;
		};
/* End XCBuildConfiguration section */

/* Begin XCConfigurationList section */
		45E0931B1E05BA6000934687 /* Build configuration list for PBXProject "CoreImageCircleSplash" */ = {
			isa = XCConfigurationList;
			buildConfigurations = (
				45E093491E05BA6100934687 /* Debug */,
				45E0934A1E05BA6100934687 /* Release */,
			);
			defaultConfigurationIsVisible = 0;
			defaultConfigurationName = Release;
		};
		45E0934B1E05BA6100934687 /* Build configuration list for PBXNativeTarget "CoreImageCircleSplash" */ = {
			isa = XCConfigurationList;
			buildConfigurations = (
				45E0934C1E05BA6100934687 /* Debug */,
				45E0934D1E05BA6100934687 /* Release */,
			);
			defaultConfigurationIsVisible = 0;
		};
		45E0934E1E05BA6100934687 /* Build configuration list for PBXNativeTarget "CoreImageCircleSplashTests" */ = {
			isa = XCConfigurationList;
			buildConfigurations = (
				45E0934F1E05BA6100934687 /* Debug */,
				45E093501E05BA6100934687 /* Release */,
			);
			defaultConfigurationIsVisible = 0;
		};
		45E093511E05BA6100934687 /* Build configuration list for PBXNativeTarget "CoreImageCircleSplashUITests" */ = {
			isa = XCConfigurationList;
			buildConfigurations = (
				45E093521E05BA6100934687 /* Debug */,
				45E093531E05BA6100934687 /* Release */,
			);
			defaultConfigurationIsVisible = 0;
		};
/* End XCConfigurationList section */

/* Begin XCVersionGroup section */
		45E0932A1E05BA6000934687 /* CoreImageCircleSplash.xcdatamodeld */ = {
			isa = XCVersionGroup;
			children = (
				45E0932B1E05BA6000934687 /* CoreImageCircleSplash.xcdatamodel */,
			);
			currentVersion = 45E0932B1E05BA6000934687 /* CoreImageCircleSplash.xcdatamodel */;
			path = CoreImageCircleSplash.xcdatamodeld;
			sourceTree = "<group>";
			versionGroupType = wrapper.xcdatamodel;
		};
/* End XCVersionGroup section */
	};
	rootObject = 45E093181E05BA6000934687 /* Project object */;
}
